
Microsoft Visual Studio Solution File, Format Version 12.00
# Visual Studio Version 18
VisualStudioVersion = 18.6.11806.211
MinimumVisualStudioVersion = 10.0.40219.1
Project("{FAE04EC0-301F-11D3-BF4B-00C04F79EFBC}") = "Api.CQRS.WebApi", "CQRS.WebApi\Api.CQRS.WebApi.csproj", "{FEA9784E-3FD3-BA98-2F14-9655DA9A3DD4}"
EndProject
Global
	GlobalSection(SolutionConfigurationPlatforms) = preSolution
		Debug|Any CPU = Debug|Any CPU
		Release|Any CPU = Release|Any CPU
	EndGlobalSection
	GlobalSection(ProjectConfigurationPlatforms) = postSolution
		{FEA9784E-3FD3-BA98-2F14-9655DA9A3DD4}.Debug|Any CPU.ActiveCfg = Debug|Any CPU
		{FEA9784E-3FD3-BA98-2F14-9655DA9A3DD4}.Debug|Any CPU.Build.0 = Debug|Any CPU
		{FEA9784E-3FD3-BA98-2F14-9655DA9A3DD4}.Release|Any CPU.ActiveCfg = Release|Any CPU
		{FEA9784E-3FD3-BA98-2F14-9655DA9A3DD4}.Release|Any CPU.Build.0 = Release|Any CPU
	EndGlobalSection
	GlobalSection(SolutionProperties) = preSolution
		HideSolutionNode = FALSE
	EndGlobalSection
	GlobalSection(ExtensibilityGlobals) = postSolution
		SolutionGuid = {4F7EAE57-0B73-42AF-AFA5-93DD7EA85AD8}
	EndGlobalSection
EndGlobal
